
Microsoft Visual Studio Solution File, Format Version 12.00
# Visual Studio Version 17
VisualStudioVersion = 17.10.35122.118
MinimumVisualStudioVersion = 10.0.40219.1
Project("{FAE04EC0-301F-11D3-BF4B-00C04F79EFBC}") = "pz3wpf", "pz3wpf\pz3wpf.csproj", "{BEBEF2C4-22CF-4AE6-9879-2943DE29C5B9}"
EndProject
Global
	GlobalSection(SolutionConfigurationPlatforms) = preSolution
		Debug|Any CPU = Debug|Any CPU
		Release|Any CPU = Release|Any CPU
	EndGlobalSection
	GlobalSection(ProjectConfigurationPlatforms) = postSolution
		{BEBEF2C4-22CF-4AE6-9879-2943DE29C5B9}.Debug|Any CPU.ActiveCfg = Debug|Any CPU
		{BEBEF2C4-22CF-4AE6-9879-2943DE29C5B9}.Debug|Any CPU.Build.0 = Debug|Any CPU
		{BEBEF2C4-22CF-4AE6-9879-2943DE29C5B9}.Release|Any CPU.ActiveCfg = Release|Any CPU
		{BEBEF2C4-22CF-4AE6-9879-2943DE29C5B9}.Release|Any CPU.Build.0 = Release|Any CPU
	EndGlobalSection
	GlobalSection(SolutionProperties) = preSolution
		HideSolutionNode = FALSE
	EndGlobalSection
	GlobalSection(ExtensibilityGlobals) = postSolution
		SolutionGuid = {AF3ED6BA-3B4B-422F-80DC-828EC8F47D83}
	EndGlobalSection
EndGlobal
